
Microsoft Visual Studio Solution File, Format Version 12.00
# Visual Studio Version 17
VisualStudioVersion = 17.10.35122.118
MinimumVisualStudioVersion = 10.0.40219.1
Project("{9A19103F-16F7-4668-BE54-9A1E7A4F7556}") = "GerenciadorCampeonatos.WebApi", "GerenciadorCampeonatos.WebApi\GerenciadorCampeonatos.WebApi.csproj", "{BC1D73E6-92A5-47D5-AD27-DE46C941192C}"
EndProject
Project("{9A19103F-16F7-4668-BE54-9A1E7A4F7556}") = "GerenciadorCampeonatos.Domain", "GerenciadorCampeonatos.Domain\GerenciadorCampeonatos.Domain.csproj", "{8E1EB2D6-A9EE-47E0-A97A-89E7E068A0FC}"
EndProject
Project("{9A19103F-16F7-4668-BE54-9A1E7A4F7556}") = "GerenciadorCampeonatos.Application", "GerenciadorCampeonatos.Application\GerenciadorCampeonatos.Application.csproj", "{ABD5AFC1-5375-402C-9459-2E4F53394B18}"
EndProject
Global
	GlobalSection(SolutionConfigurationPlatforms) = preSolution
		Debug|Any CPU = Debug|Any CPU
		Release|Any CPU = Release|Any CPU
	EndGlobalSection
	GlobalSection(ProjectConfigurationPlatforms) = postSolution
		{BC1D73E6-92A5-47D5-AD27-DE46C941192C}.Debug|Any CPU.ActiveCfg = Debug|Any CPU
		{BC1D73E6-92A5-47D5-AD27-DE46C941192C}.Debug|Any CPU.Build.0 = Debug|Any CPU
		{BC1D73E6-92A5-47D5-AD27-DE46C941192C}.Release|Any CPU.ActiveCfg = Release|Any CPU
		{BC1D73E6-92A5-47D5-AD27-DE46C941192C}.Release|Any CPU.Build.0 = Release|Any CPU
		{8E1EB2D6-A9EE-47E0-A97A-89E7E068A0FC}.Debug|Any CPU.ActiveCfg = Debug|Any CPU
		{8E1EB2D6-A9EE-47E0-A97A-89E7E068A0FC}.Debug|Any CPU.Build.0 = Debug|Any CPU
		{8E1EB2D6-A9EE-47E0-A97A-89E7E068A0FC}.Release|Any CPU.ActiveCfg = Release|Any CPU
		{8E1EB2D6-A9EE-47E0-A97A-89E7E068A0FC}.Release|Any CPU.Build.0 = Release|Any CPU
		{ABD5AFC1-5375-402C-9459-2E4F53394B18}.Debug|Any CPU.ActiveCfg = Debug|Any CPU
		{ABD5AFC1-5375-402C-9459-2E4F53394B18}.Debug|Any CPU.Build.0 = Debug|Any CPU
		{ABD5AFC1-5375-402C-9459-2E4F53394B18}.Release|Any CPU.ActiveCfg = Release|Any CPU
		{ABD5AFC1-5375-402C-9459-2E4F53394B18}.Release|Any CPU.Build.0 = Release|Any CPU
	EndGlobalSection
	GlobalSection(SolutionProperties) = preSolution
		HideSolutionNode = FALSE
	EndGlobalSection
	GlobalSection(ExtensibilityGlobals) = postSolution
		SolutionGuid = {AAF081F5-F429-4FDE-8BD2-42BC2CEDCD26}
	EndGlobalSection
EndGlobal
